
Microsoft Visual Studio Solution File, Format Version 12.00
# Visual Studio Version 17
VisualStudioVersion = 17.10.35122.118
MinimumVisualStudioVersion = 10.0.40219.1
Project("{FAE04EC0-301F-11D3-BF4B-00C04F79EFBC}") = "Labb2ImageAnalyzerAzure", "Labb2ImageAnalyzerAzure\Labb2ImageAnalyzerAzure.csproj", "{A3536206-0F93-4AFF-969C-8EB98684C431}"
EndProject
Global
	GlobalSection(SolutionConfigurationPlatforms) = preSolution
		Debug|Any CPU = Debug|Any CPU
		Release|Any CPU = Release|Any CPU
	EndGlobalSection
	GlobalSection(ProjectConfigurationPlatforms) = postSolution
		{A3536206-0F93-4AFF-969C-8EB98684C431}.Debug|Any CPU.ActiveCfg = Debug|Any CPU
		{A3536206-0F93-4AFF-969C-8EB98684C431}.Debug|Any CPU.Build.0 = Debug|Any CPU
		{A3536206-0F93-4AFF-969C-8EB98684C431}.Release|Any CPU.ActiveCfg = Release|Any CPU
		{A3536206-0F93-4AFF-969C-8EB98684C431}.Release|Any CPU.Build.0 = Release|Any CPU
	EndGlobalSection
	GlobalSection(SolutionProperties) = preSolution
		HideSolutionNode = FALSE
	EndGlobalSection
	GlobalSection(ExtensibilityGlobals) = postSolution
		SolutionGuid = {61297A19-14DA-43F7-A69A-23B643AD1FD3}
	EndGlobalSection
EndGlobal
